
Microsoft Visual Studio Solution File, Format Version 12.00
# Visual Studio Version 16
VisualStudioVersion = 16.0.30907.101
MinimumVisualStudioVersion = 10.0.40219.1
Project("{FAE04EC0-301F-11D3-BF4B-00C04F79EFBC}") = "SqlAssign1Feb", "SqlAssign1Feb\SqlAssign1Feb.csproj", "{B6FD4B98-85A0-41F8-9125-A62ADAFC0D39}"
EndProject
Global
	GlobalSection(SolutionConfigurationPlatforms) = preSolution
		Debug|Any CPU = Debug|Any CPU
		Release|Any CPU = Release|Any CPU
	EndGlobalSection
	GlobalSection(ProjectConfigurationPlatforms) = postSolution
		{B6FD4B98-85A0-41F8-9125-A62ADAFC0D39}.Debug|Any CPU.ActiveCfg = Debug|Any CPU
		{B6FD4B98-85A0-41F8-9125-A62ADAFC0D39}.Debug|Any CPU.Build.0 = Debug|Any CPU
		{B6FD4B98-85A0-41F8-9125-A62ADAFC0D39}.Release|Any CPU.ActiveCfg = Release|Any CPU
		{B6FD4B98-85A0-41F8-9125-A62ADAFC0D39}.Release|Any CPU.Build.0 = Release|Any CPU
	EndGlobalSection
	GlobalSection(SolutionProperties) = preSolution
		HideSolutionNode = FALSE
	EndGlobalSection
	GlobalSection(ExtensibilityGlobals) = postSolution
		SolutionGuid = {8A4562ED-3563-4D81-A465-5B57EEBB79A8}
	EndGlobalSection
EndGlobal
